
Microsoft Visual Studio Solution File, Format Version 12.00
# Visual Studio Version 17
VisualStudioVersion = 17.4.33205.214
MinimumVisualStudioVersion = 10.0.40219.1
Project("{FAE04EC0-301F-11D3-BF4B-00C04F79EFBC}") = "KuShop", "KuShop\KuShop.csproj", "{7C31C040-7844-46FA-8A8B-A84C0CD36CB8}"
EndProject
Global
	GlobalSection(SolutionConfigurationPlatforms) = preSolution
		Debug|Any CPU = Debug|Any CPU
		Release|Any CPU = Release|Any CPU
	EndGlobalSection
	GlobalSection(ProjectConfigurationPlatforms) = postSolution
		{7C31C040-7844-46FA-8A8B-A84C0CD36CB8}.Debug|Any CPU.ActiveCfg = Debug|Any CPU
		{7C31C040-7844-46FA-8A8B-A84C0CD36CB8}.Debug|Any CPU.Build.0 = Debug|Any CPU
		{7C31C040-7844-46FA-8A8B-A84C0CD36CB8}.Release|Any CPU.ActiveCfg = Release|Any CPU
		{7C31C040-7844-46FA-8A8B-A84C0CD36CB8}.Release|Any CPU.Build.0 = Release|Any CPU
	EndGlobalSection
	GlobalSection(SolutionProperties) = preSolution
		HideSolutionNode = FALSE
	EndGlobalSection
	GlobalSection(ExtensibilityGlobals) = postSolution
		SolutionGuid = {12DC8737-8D98-48E3-B856-79392C424BF8}
	EndGlobalSection
EndGlobal
